<Solution>
  <Folder Name="/src/">
    <Project Path="src/FuelControl.Contracts/FuelControl.Contracts.csproj" />
    <Project Path="src/FuelControl.Core/FuelControl.Core.csproj" />
    <Project Path="src/FuelControl.Api/FuelControl.Api.csproj" />
    <Project Path="src/FuelControl.Desktop/FuelControl.Desktop.csproj" />
  </Folder>
  <Folder Name="/tests/">
    <Project Path="tests/FuelControl.Api.Tests/FuelControl.Api.Tests.csproj" />
    <Project Path="tests/FuelControl.Core.Tests/FuelControl.Core.Tests.csproj" />
  </Folder>
</Solution>
